Microsoft Visual Studio Solution File, Format Version 12.00
# Visual Studio 14
Project("{8BC9CEB8-8B4A-11D0-8D11-00A0C91BC942}") = "ALL_BUILD", "ALL_BUILD.vcxproj", "{8384D926-29B0-3F85-8980-77713DBA6C8D}"
	ProjectSection(ProjectDependencies) = postProject
		{E15B674A-EBEC-37F0-84D7-8C8C86F78FAD} = {E15B674A-EBEC-37F0-84D7-8C8C86F78FAD}
		{0983170D-0C72-3ECC-A7BC-B82E01ACFCAD} = {0983170D-0C72-3ECC-A7BC-B82E01ACFCAD}
		{CEACFA8F-1497-3C06-90E8-52623517E9DD} = {CEACFA8F-1497-3C06-90E8-52623517E9DD}
	EndProjectSection
EndProject
Project("{8BC9CEB8-8B4A-11D0-8D11-00A0C91BC942}") = "INSTALL", "INSTALL.vcxproj", "{9CB8D751-6B0F-3964-A8AD-82B32F1C9E67}"
	ProjectSection(ProjectDependencies) = postProject
		{8384D926-29B0-3F85-8980-77713DBA6C8D} = {8384D926-29B0-3F85-8980-77713DBA6C8D}
		{E15B674A-EBEC-37F0-84D7-8C8C86F78FAD} = {E15B674A-EBEC-37F0-84D7-8C8C86F78FAD}
	EndProjectSection
EndProject
Project("{8BC9CEB8-8B4A-11D0-8D11-00A0C91BC942}") = "ZERO_CHECK", "ZERO_CHECK.vcxproj", "{E15B674A-EBEC-37F0-84D7-8C8C86F78FAD}"
	ProjectSection(ProjectDependencies) = postProject
	EndProjectSection
EndProject
Project("{8BC9CEB8-8B4A-11D0-8D11-00A0C91BC942}") = "quoteplugin", "quoteplugin.vcxproj", "{0983170D-0C72-3ECC-A7BC-B82E01ACFCAD}"
	ProjectSection(ProjectDependencies) = postProject
		{E15B674A-EBEC-37F0-84D7-8C8C86F78FAD} = {E15B674A-EBEC-37F0-84D7-8C8C86F78FAD}
	EndProjectSection
EndProject
Project("{8BC9CEB8-8B4A-11D0-8D11-00A0C91BC942}") = "tradeplugin", "tradeplugin.vcxproj", "{CEACFA8F-1497-3C06-90E8-52623517E9DD}"
	ProjectSection(ProjectDependencies) = postProject
		{E15B674A-EBEC-37F0-84D7-8C8C86F78FAD} = {E15B674A-EBEC-37F0-84D7-8C8C86F78FAD}
	EndProjectSection
EndProject
Global
	GlobalSection(SolutionConfigurationPlatforms) = preSolution
		Debug|Win32 = Debug|Win32
		Release|Win32 = Release|Win32
		MinSizeRel|Win32 = MinSizeRel|Win32
		RelWithDebInfo|Win32 = RelWithDebInfo|Win32
	EndGlobalSection
	GlobalSection(ProjectConfigurationPlatforms) = postSolution
		{8384D926-29B0-3F85-8980-77713DBA6C8D}.Debug|Win32.ActiveCfg = Debug|Win32
		{8384D926-29B0-3F85-8980-77713DBA6C8D}.Debug|Win32.Build.0 = Debug|Win32
		{8384D926-29B0-3F85-8980-77713DBA6C8D}.Release|Win32.ActiveCfg = Release|Win32
		{8384D926-29B0-3F85-8980-77713DBA6C8D}.Release|Win32.Build.0 = Release|Win32
		{8384D926-29B0-3F85-8980-77713DBA6C8D}.MinSizeRel|Win32.ActiveCfg = MinSizeRel|Win32
		{8384D926-29B0-3F85-8980-77713DBA6C8D}.MinSizeRel|Win32.Build.0 = MinSizeRel|Win32
		{8384D926-29B0-3F85-8980-77713DBA6C8D}.RelWithDebInfo|Win32.ActiveCfg = RelWithDebInfo|Win32
		{8384D926-29B0-3F85-8980-77713DBA6C8D}.RelWithDebInfo|Win32.Build.0 = RelWithDebInfo|Win32
		{9CB8D751-6B0F-3964-A8AD-82B32F1C9E67}.Debug|Win32.ActiveCfg = Debug|Win32
		{9CB8D751-6B0F-3964-A8AD-82B32F1C9E67}.Release|Win32.ActiveCfg = Release|Win32
		{9CB8D751-6B0F-3964-A8AD-82B32F1C9E67}.MinSizeRel|Win32.ActiveCfg = MinSizeRel|Win32
		{9CB8D751-6B0F-3964-A8AD-82B32F1C9E67}.RelWithDebInfo|Win32.ActiveCfg = RelWithDebInfo|Win32
		{E15B674A-EBEC-37F0-84D7-8C8C86F78FAD}.Debug|Win32.ActiveCfg = Debug|Win32
		{E15B674A-EBEC-37F0-84D7-8C8C86F78FAD}.Debug|Win32.Build.0 = Debug|Win32
		{E15B674A-EBEC-37F0-84D7-8C8C86F78FAD}.Release|Win32.ActiveCfg = Release|Win32
		{E15B674A-EBEC-37F0-84D7-8C8C86F78FAD}.Release|Win32.Build.0 = Release|Win32
		{E15B674A-EBEC-37F0-84D7-8C8C86F78FAD}.MinSizeRel|Win32.ActiveCfg = MinSizeRel|Win32
		{E15B674A-EBEC-37F0-84D7-8C8C86F78FAD}.MinSizeRel|Win32.Build.0 = MinSizeRel|Win32
		{E15B674A-EBEC-37F0-84D7-8C8C86F78FAD}.RelWithDebInfo|Win32.ActiveCfg = RelWithDebInfo|Win32
		{E15B674A-EBEC-37F0-84D7-8C8C86F78FAD}.RelWithDebInfo|Win32.Build.0 = RelWithDebInfo|Win32
		{0983170D-0C72-3ECC-A7BC-B82E01ACFCAD}.Debug|Win32.ActiveCfg = Debug|Win32
		{0983170D-0C72-3ECC-A7BC-B82E01ACFCAD}.Debug|Win32.Build.0 = Debug|Win32
		{0983170D-0C72-3ECC-A7BC-B82E01ACFCAD}.Release|Win32.ActiveCfg = Release|Win32
		{0983170D-0C72-3ECC-A7BC-B82E01ACFCAD}.Release|Win32.Build.0 = Release|Win32
		{0983170D-0C72-3ECC-A7BC-B82E01ACFCAD}.MinSizeRel|Win32.ActiveCfg = MinSizeRel|Win32
		{0983170D-0C72-3ECC-A7BC-B82E01ACFCAD}.MinSizeRel|Win32.Build.0 = MinSizeRel|Win32
		{0983170D-0C72-3ECC-A7BC-B82E01ACFCAD}.RelWithDebInfo|Win32.ActiveCfg = RelWithDebInfo|Win32
		{0983170D-0C72-3ECC-A7BC-B82E01ACFCAD}.RelWithDebInfo|Win32.Build.0 = RelWithDebInfo|Win32
		{CEACFA8F-1497-3C06-90E8-52623517E9DD}.Debug|Win32.ActiveCfg = Debug|Win32
		{CEACFA8F-1497-3C06-90E8-52623517E9DD}.Debug|Win32.Build.0 = Debug|Win32
		{CEACFA8F-1497-3C06-90E8-52623517E9DD}.Release|Win32.ActiveCfg = Release|Win32
		{CEACFA8F-1497-3C06-90E8-52623517E9DD}.Release|Win32.Build.0 = Release|Win32
		{CEACFA8F-1497-3C06-90E8-52623517E9DD}.MinSizeRel|Win32.ActiveCfg = MinSizeRel|Win32
		{CEACFA8F-1497-3C06-90E8-52623517E9DD}.MinSizeRel|Win32.Build.0 = MinSizeRel|Win32
		{CEACFA8F-1497-3C06-90E8-52623517E9DD}.RelWithDebInfo|Win32.ActiveCfg = RelWithDebInfo|Win32
		{CEACFA8F-1497-3C06-90E8-52623517E9DD}.RelWithDebInfo|Win32.Build.0 = RelWithDebInfo|Win32
	EndGlobalSection
	GlobalSection(ExtensibilityGlobals) = postSolution
		SolutionGuid = {5E3775AA-2FB1-3D52-8A68-6C15F5CD5BBD}
	EndGlobalSection
	GlobalSection(ExtensibilityAddIns) = postSolution
	EndGlobalSection
EndGlobal
