<?xml version="1.0" encoding="utf-8"?>
<Project ToolsVersion="14.0" xmlns="http://schemas.microsoft.com/developer/msbuild/2003">
  <ItemGroup>
    <CustomBuild Include="E:\xtp_api_java\cpp\buildWin32\CMakeFiles\fc9a2d6fb8370eb16b8ba751e1465357\generate.stamp.rule">
      <Filter>CMake Rules</Filter>
    </CustomBuild>
  </ItemGroup>
  <ItemGroup>
    <Filter Include="CMake Rules">
      <UniqueIdentifier>{269D573E-6979-307A-822D-8D454A9FDA09}</UniqueIdentifier>
    </Filter>
  </ItemGroup>
</Project>
